
Microsoft Visual Studio Solution File, Format Version 10.00
# Visual Studio 2008
Project("{8BC9CEB8-8B4A-11D0-8D11-00A0C91BC942}") = "作业8", "作业8\作业8.vcproj", "{F929B3B7-C220-4B08-812C-325BEC40EF74}"
EndProject
Global
	GlobalSection(SolutionConfigurationPlatforms) = preSolution
		Debug|Win32 = Debug|Win32
		Release|Win32 = Release|Win32
	EndGlobalSection
	GlobalSection(ProjectConfigurationPlatforms) = postSolution
		{F929B3B7-C220-4B08-812C-325BEC40EF74}.Debug|Win32.ActiveCfg = Debug|Win32
		{F929B3B7-C220-4B08-812C-325BEC40EF74}.Debug|Win32.Build.0 = Debug|Win32
		{F929B3B7-C220-4B08-812C-325BEC40EF74}.Release|Win32.ActiveCfg = Release|Win32
		{F929B3B7-C220-4B08-812C-325BEC40EF74}.Release|Win32.Build.0 = Release|Win32
	EndGlobalSection
	GlobalSection(SolutionProperties) = preSolution
		HideSolutionNode = FALSE
	EndGlobalSection
EndGlobal
